
Microsoft Visual Studio Solution File, Format Version 12.00
# Visual Studio Version 17
VisualStudioVersion = 17.1.32328.378
MinimumVisualStudioVersion = 10.0.40219.1
Project("{9A19103F-16F7-4668-BE54-9A1E7A4F7556}") = "PRANA", "PRANA\PRANA.csproj", "{768B065A-0DBB-4DB2-8040-C4A591440388}"
EndProject
Project("{9A19103F-16F7-4668-BE54-9A1E7A4F7556}") = "PRANA.Demos", "PRANA.Demos\PRANA.Demos.csproj", "{DA3E4FE3-24E0-46C1-B814-F9CC2C5FDBBC}"
EndProject
Project("{9A19103F-16F7-4668-BE54-9A1E7A4F7556}") = "PRANA.Cli", "PRANA.Cli\PRANA.Cli.csproj", "{A4868797-2EC6-4842-88CD-57C5F380DB47}"
EndProject
Project("{9A19103F-16F7-4668-BE54-9A1E7A4F7556}") = "PRANA.Common", "PRANA.Common\PRANA.Common.csproj", "{6695D62D-BC84-4690-B18D-82ED9511A685}"
EndProject
Global
	GlobalSection(SolutionConfigurationPlatforms) = preSolution
		Debug|Any CPU = Debug|Any CPU
		Release|Any CPU = Release|Any CPU
	EndGlobalSection
	GlobalSection(ProjectConfigurationPlatforms) = postSolution
		{768B065A-0DBB-4DB2-8040-C4A591440388}.Debug|Any CPU.ActiveCfg = Debug|Any CPU
		{768B065A-0DBB-4DB2-8040-C4A591440388}.Debug|Any CPU.Build.0 = Debug|Any CPU
		{768B065A-0DBB-4DB2-8040-C4A591440388}.Release|Any CPU.ActiveCfg = Release|Any CPU
		{768B065A-0DBB-4DB2-8040-C4A591440388}.Release|Any CPU.Build.0 = Release|Any CPU
		{DA3E4FE3-24E0-46C1-B814-F9CC2C5FDBBC}.Debug|Any CPU.ActiveCfg = Debug|Any CPU
		{DA3E4FE3-24E0-46C1-B814-F9CC2C5FDBBC}.Debug|Any CPU.Build.0 = Debug|Any CPU
		{DA3E4FE3-24E0-46C1-B814-F9CC2C5FDBBC}.Release|Any CPU.ActiveCfg = Release|Any CPU
		{DA3E4FE3-24E0-46C1-B814-F9CC2C5FDBBC}.Release|Any CPU.Build.0 = Release|Any CPU
		{A4868797-2EC6-4842-88CD-57C5F380DB47}.Debug|Any CPU.ActiveCfg = Debug|Any CPU
		{A4868797-2EC6-4842-88CD-57C5F380DB47}.Debug|Any CPU.Build.0 = Debug|Any CPU
		{A4868797-2EC6-4842-88CD-57C5F380DB47}.Release|Any CPU.ActiveCfg = Release|Any CPU
		{A4868797-2EC6-4842-88CD-57C5F380DB47}.Release|Any CPU.Build.0 = Release|Any CPU
		{6695D62D-BC84-4690-B18D-82ED9511A685}.Debug|Any CPU.ActiveCfg = Debug|Any CPU
		{6695D62D-BC84-4690-B18D-82ED9511A685}.Debug|Any CPU.Build.0 = Debug|Any CPU
		{6695D62D-BC84-4690-B18D-82ED9511A685}.Release|Any CPU.ActiveCfg = Release|Any CPU
		{6695D62D-BC84-4690-B18D-82ED9511A685}.Release|Any CPU.Build.0 = Release|Any CPU
	EndGlobalSection
	GlobalSection(SolutionProperties) = preSolution
		HideSolutionNode = FALSE
	EndGlobalSection
	GlobalSection(ExtensibilityGlobals) = postSolution
		SolutionGuid = {56B8569A-C442-4B78-8242-890918BE499F}
	EndGlobalSection
EndGlobal
